
Microsoft Visual Studio Solution File, Format Version 12.00
# Visual Studio Version 17
VisualStudioVersion = 17.12.35521.163 d17.12
MinimumVisualStudioVersion = 10.0.40219.1
Project("{FAE04EC0-301F-11D3-BF4B-00C04F79EFBC}") = "WebsitePinger", "WebsitePinger.csproj", "{B2166FF9-A7D4-4637-937B-71DAC20A66DB}"
EndProject
Global
	GlobalSection(SolutionConfigurationPlatforms) = preSolution
		Debug|Any CPU = Debug|Any CPU
		Release|Any CPU = Release|Any CPU
	EndGlobalSection
	GlobalSection(ProjectConfigurationPlatforms) = postSolution
		{B2166FF9-A7D4-4637-937B-71DAC20A66DB}.Debug|Any CPU.ActiveCfg = Debug|Any CPU
		{B2166FF9-A7D4-4637-937B-71DAC20A66DB}.Debug|Any CPU.Build.0 = Debug|Any CPU
		{B2166FF9-A7D4-4637-937B-71DAC20A66DB}.Release|Any CPU.ActiveCfg = Release|Any CPU
		{B2166FF9-A7D4-4637-937B-71DAC20A66DB}.Release|Any CPU.Build.0 = Release|Any CPU
	EndGlobalSection
	GlobalSection(SolutionProperties) = preSolution
		HideSolutionNode = FALSE
	EndGlobalSection
EndGlobal
